
Microsoft Visual Studio Solution File, Format Version 12.00
# Visual Studio Version 16
VisualStudioVersion = 16.0.30907.101
MinimumVisualStudioVersion = 10.0.40219.1
Project("{FAE04EC0-301F-11D3-BF4B-00C04F79EFBC}") = "GeneratorApp", "GeneratorApp\GeneratorApp.csproj", "{5D91ACC3-D7CD-42FC-A70C-3F76A28E55FF}"
EndProject
Global
	GlobalSection(SolutionConfigurationPlatforms) = preSolution
		Debug|Any CPU = Debug|Any CPU
		Release|Any CPU = Release|Any CPU
	EndGlobalSection
	GlobalSection(ProjectConfigurationPlatforms) = postSolution
		{5D91ACC3-D7CD-42FC-A70C-3F76A28E55FF}.Debug|Any CPU.ActiveCfg = Debug|Any CPU
		{5D91ACC3-D7CD-42FC-A70C-3F76A28E55FF}.Debug|Any CPU.Build.0 = Debug|Any CPU
		{5D91ACC3-D7CD-42FC-A70C-3F76A28E55FF}.Release|Any CPU.ActiveCfg = Release|Any CPU
		{5D91ACC3-D7CD-42FC-A70C-3F76A28E55FF}.Release|Any CPU.Build.0 = Release|Any CPU
	EndGlobalSection
	GlobalSection(SolutionProperties) = preSolution
		HideSolutionNode = FALSE
	EndGlobalSection
	GlobalSection(ExtensibilityGlobals) = postSolution
		SolutionGuid = {7923DAF1-6F55-4A76-BFBF-ED79C96A72B2}
	EndGlobalSection
EndGlobal
